{
  "name": "demo-nodejs",
  "version": "1.0.0",
  "lockfileVersion": 1,
  "requires": true,
  "dependencies": {
    "titbit": {
      "version": "3.4.7",
      "resolved": "https://registry.npmjs.org/titbit/-/titbit-3.4.7.tgz",
      "integrity": "sha512-norl9JU3EUUVk199BM/AvtrVZGtomjg/Suzamhqtp9ytRWARA9Q4ntJVcyNYVi+Wpge/TRz/iq/0bsfG0EHfsw=="
    }
  }
}
